// !$*UTF8*$!
{
	archiveVersion = 1;
	classes = {
	};
	objectVersion = 50;
	objects = {

/* Begin PBXBuildFile section */
		17A0BC932170EE7A00B270CD /* ICDServiceManager.swift in Sources */ = {isa = PBXBuildFile; fileRef = 17A0BC922170EE7A00B270CD /* ICDServiceManager.swift */; };
		17A0BC952170EEA400B270CD /* ICDMessage.swift in Sources */ = {isa = PBXBuildFile; fileRef = 17A0BC942170EEA400B270CD /* ICDMessage.swift */; };
		17A2322B2173AB5D00A3213E /* OldICDViewController.swift in Sources */ = {isa = PBXBuildFile; fileRef = 17A2322A2173AB5D00A3213E /* OldICDViewController.swift */; };
		17E090E421574DFB00D04128 /* icd10_file.csv in Resources */ = {isa = PBXBuildFile; fileRef = 17E090E321574DFB00D04128 /* icd10_file.csv */; };
		F2873976214599ED008A7826 /* AppDelegate.swift in Sources */ = {isa = PBXBuildFile; fileRef = F2873975214599ED008A7826 /* AppDelegate.swift */; };
		F2873978214599ED008A7826 /* NewICDViewController.swift in Sources */ = {isa = PBXBuildFile; fileRef = F2873977214599ED008A7826 /* NewICDViewController.swift */; };
		F287397B214599ED008A7826 /* Main.storyboard in Resources */ = {isa = PBXBuildFile; fileRef = F2873979214599ED008A7826 /* Main.storyboard */; };
		F287397E214599ED008A7826 /* ICD_Entry.xcdatamodeld in Sources */ = {isa = PBXBuildFile; fileRef = F287397C214599ED008A7826 /* ICD_Entry.xcdatamodeld */; };
		F2873980214599EE008A7826 /* Assets.xcassets in Resources */ = {isa = PBXBuildFile; fileRef = F287397F214599EE008A7826 /* Assets.xcassets */; };
		F2873983214599EE008A7826 /* LaunchScreen.storyboard in Resources */ = {isa = PBXBuildFile; fileRef = F2873981214599EE008A7826 /* LaunchScreen.storyboard */; };
		F287398E214599EE008A7826 /* ICD_EntryTests.swift in Sources */ = {isa = PBXBuildFile; fileRef = F287398D214599EE008A7826 /* ICD_EntryTests.swift */; };
		F2873999214599EE008A7826 /* ICD_EntryUITests.swift in Sources */ = {isa = PBXBuildFile; fileRef = F2873998214599EE008A7826 /* ICD_EntryUITests.swift */; };
		F28739A72145E373008A7826 /* ChronicCell.swift in Sources */ = {isa = PBXBuildFile; fileRef = F28739A62145E373008A7826 /* ChronicCell.swift */; };
		F2A3621F21473A9D00F08E58 /* NetworkingData.swift in Sources */ = {isa = PBXBuildFile; fileRef = F2A3621E21473A9D00F08E58 /* NetworkingData.swift */; };
		F2A3622121475D9400F08E58 /* SpeechViewController.swift in Sources */ = {isa = PBXBuildFile; fileRef = F2A3622021475D9400F08E58 /* SpeechViewController.swift */; };
/* End PBXBuildFile section */

/* Begin PBXContainerItemProxy section */
		F287398A214599EE008A7826 /* PBXContainerItemProxy */ = {
			isa = PBXContainerItemProxy;
			containerPortal = F287396A214599ED008A7826 /* Project object */;
			proxyType = 1;
			remoteGlobalIDString = F2873971214599ED008A7826;
			remoteInfo = ICD_Entry;
		};
		F2873995214599EE008A7826 /* PBXContainerItemProxy */ = {
			isa = PBXContainerItemProxy;
			containerPortal = F287396A214599ED008A7826 /* Project object */;
			proxyType = 1;
			remoteGlobalIDString = F2873971214599ED008A7826;
			remoteInfo = ICD_Entry;
		};
/* End PBXContainerItemProxy section */

/* Begin PBXFileReference section */
		17A0BC922170EE7A00B270CD /* ICDServiceManager.swift */ = {isa = PBXFileReference; lastKnownFileType = sourcecode.swift; path = ICDServiceManager.swift; sourceTree = "<group>"; };
		17A0BC942170EEA400B270CD /* ICDMessage.swift */ = {isa = PBXFileReference; lastKnownFileType = sourcecode.swift; path = ICDMessage.swift; sourceTree = "<group>"; };
		17A2322A2173AB5D00A3213E /* OldICDViewController.swift */ = {isa = PBXFileReference; lastKnownFileType = sourcecode.swift; path = OldICDViewController.swift; sourceTree = "<group>"; };
		17E090E321574DFB00D04128 /* icd10_file.csv */ = {isa = PBXFileReference; fileEncoding = 4; lastKnownFileType = text; path = icd10_file.csv; sourceTree = "<group>"; };
		F2873972214599ED008A7826 /* ICD_Entry.app */ = {isa = PBXFileReference; explicitFileType = wrapper.application; includeInIndex = 0; path = ICD_Entry.app; sourceTree = BUILT_PRODUCTS_DIR; };
		F2873975214599ED008A7826 /* AppDelegate.swift */ = {isa = PBXFileReference; lastKnownFileType = sourcecode.swift; path = AppDelegate.swift; sourceTree = "<group>"; };
		F2873977214599ED008A7826 /* NewICDViewController.swift */ = {isa = PBXFileReference; lastKnownFileType = sourcecode.swift; path = NewICDViewController.swift; sourceTree = "<group>"; };
		F287397A214599ED008A7826 /* Base */ = {isa = PBXFileReference; lastKnownFileType = file.storyboard; name = Base; path = Base.lproj/Main.storyboard; sourceTree = "<group>"; };
		F287397D214599ED008A7826 /* ICD_Entry.xcdatamodel */ = {isa = PBXFileReference; lastKnownFileType = wrapper.xcdatamodel; path = ICD_Entry.xcdatamodel; sourceTree = "<group>"; };
		F287397F214599EE008A7826 /* Assets.xcassets */ = {isa = PBXFileReference; lastKnownFileType = folder.assetcatalog; path = Assets.xcassets; sourceTree = "<group>"; };
		F2873982214599EE008A7826 /* Base */ = {isa = PBXFileReference; lastKnownFileType = file.storyboard; name = Base; path = Base.lproj/LaunchScreen.storyboard; sourceTree = "<group>"; };
		F2873984214599EE008A7826 /* Info.plist */ = {isa = PBXFileReference; lastKnownFileType = text.plist.xml; path = Info.plist; sourceTree = "<group>"; };
		F2873989214599EE008A7826 /* ICD_EntryTests.xctest */ = {isa = PBXFileReference; explicitFileType = wrapper.cfbundle; includeInIndex = 0; path = ICD_EntryTests.xctest; sourceTree = BUILT_PRODUCTS_DIR; };
		F287398D214599EE008A7826 /* ICD_EntryTests.swift */ = {isa = PBXFileReference; lastKnownFileType = sourcecode.swift; path = ICD_EntryTests.swift; sourceTree = "<group>"; };
		F287398F214599EE008A7826 /* Info.plist */ = {isa = PBXFileReference; lastKnownFileType = text.plist.xml; path = Info.plist; sourceTree = "<group>"; };
		F2873994214599EE008A7826 /* ICD_EntryUITests.xctest */ = {isa = PBXFileReference; explicitFileType = wrapper.cfbundle; includeInIndex = 0; path = ICD_EntryUITests.xctest; sourceTree = BUILT_PRODUCTS_DIR; };
		F2873998214599EE008A7826 /* ICD_EntryUITests.swift */ = {isa = PBXFileReference; lastKnownFileType = sourcecode.swift; path = ICD_EntryUITests.swift; sourceTree = "<group>"; };
		F287399A214599EE008A7826 /* Info.plist */ = {isa = PBXFileReference; lastKnownFileType = text.plist.xml; path = Info.plist; sourceTree = "<group>"; };
		F28739A62145E373008A7826 /* ChronicCell.swift */ = {isa = PBXFileReference; lastKnownFileType = sourcecode.swift; path = ChronicCell.swift; sourceTree = "<group>"; };
		F2A3621E21473A9D00F08E58 /* NetworkingData.swift */ = {isa = PBXFileReference; lastKnownFileType = sourcecode.swift; path = NetworkingData.swift; sourceTree = "<group>"; };
		F2A3622021475D9400F08E58 /* SpeechViewController.swift */ = {isa = PBXFileReference; lastKnownFileType = sourcecode.swift; path = SpeechViewController.swift; sourceTree = "<group>"; };
/* End PBXFileReference section */

/* Begin PBXFrameworksBuildPhase section */
		F287396F214599ED008A7826 /* Frameworks */ = {
			isa = PBXFrameworksBuildPhase;
			buildActionMask = 2147483647;
			files = (
			);
			runOnlyForDeploymentPostprocessing = 0;
		};
		F2873986214599EE008A7826 /* Frameworks */ = {
			isa = PBXFrameworksBuildPhase;
			buildActionMask = 2147483647;
			files = (
			);
			runOnlyForDeploymentPostprocessing = 0;
		};
		F2873991214599EE008A7826 /* Frameworks */ = {
			isa = PBXFrameworksBuildPhase;
			buildActionMask = 2147483647;
			files = (
			);
			runOnlyForDeploymentPostprocessing = 0;
		};
/* End PBXFrameworksBuildPhase section */

/* Begin PBXGroup section */
		17A0BC902170EDCF00B270CD /* Model */ = {
			isa = PBXGroup;
			children = (
				17A0BC942170EEA400B270CD /* ICDMessage.swift */,
			);
			path = Model;
			sourceTree = "<group>";
		};
		17A0BC912170EDDB00B270CD /* Communication */ = {
			isa = PBXGroup;
			children = (
				17A0BC922170EE7A00B270CD /* ICDServiceManager.swift */,
			);
			path = Communication;
			sourceTree = "<group>";
		};
		17E090E221574DE900D04128 /* Resources */ = {
			isa = PBXGroup;
			children = (
				17E090E321574DFB00D04128 /* icd10_file.csv */,
			);
			path = Resources;
			sourceTree = "<group>";
		};
		F2873969214599ED008A7826 = {
			isa = PBXGroup;
			children = (
				F2873974214599ED008A7826 /* ICD_Entry */,
				F287398C214599EE008A7826 /* ICD_EntryTests */,
				F2873997214599EE008A7826 /* ICD_EntryUITests */,
				F2873973214599ED008A7826 /* Products */,
			);
			sourceTree = "<group>";
		};
		F2873973214599ED008A7826 /* Products */ = {
			isa = PBXGroup;
			children = (
				F2873972214599ED008A7826 /* ICD_Entry.app */,
				F2873989214599EE008A7826 /* ICD_EntryTests.xctest */,
				F2873994214599EE008A7826 /* ICD_EntryUITests.xctest */,
			);
			name = Products;
			sourceTree = "<group>";
		};
		F2873974214599ED008A7826 /* ICD_Entry */ = {
			isa = PBXGroup;
			children = (
				17A0BC912170EDDB00B270CD /* Communication */,
				17A0BC902170EDCF00B270CD /* Model */,
				17E090E221574DE900D04128 /* Resources */,
				F2A3622021475D9400F08E58 /* SpeechViewController.swift */,
				F2873975214599ED008A7826 /* AppDelegate.swift */,
				F2873977214599ED008A7826 /* NewICDViewController.swift */,
				17A2322A2173AB5D00A3213E /* OldICDViewController.swift */,
				F28739A62145E373008A7826 /* ChronicCell.swift */,
				F2A3621E21473A9D00F08E58 /* NetworkingData.swift */,
				F2873979214599ED008A7826 /* Main.storyboard */,
				F287397F214599EE008A7826 /* Assets.xcassets */,
				F2873981214599EE008A7826 /* LaunchScreen.storyboard */,
				F2873984214599EE008A7826 /* Info.plist */,
				F287397C214599ED008A7826 /* ICD_Entry.xcdatamodeld */,
			);
			path = ICD_Entry;
			sourceTree = "<group>";
		};
		F287398C214599EE008A7826 /* ICD_EntryTests */ = {
			isa = PBXGroup;
			children = (
				F287398D214599EE008A7826 /* ICD_EntryTests.swift */,
				F287398F214599EE008A7826 /* Info.plist */,
			);
			path = ICD_EntryTests;
			sourceTree = "<group>";
		};
		F2873997214599EE008A7826 /* ICD_EntryUITests */ = {
			isa = PBXGroup;
			children = (
				F2873998214599EE008A7826 /* ICD_EntryUITests.swift */,
				F287399A214599EE008A7826 /* Info.plist */,
			);
			path = ICD_EntryUITests;
			sourceTree = "<group>";
		};
/* End PBXGroup section */

/* Begin PBXNativeTarget section */
		F2873971214599ED008A7826 /* ICD_Entry */ = {
			isa = PBXNativeTarget;
			buildConfigurationList = F287399D214599EE008A7826 /* Build configuration list for PBXNativeTarget "ICD_Entry" */;
			buildPhases = (
				F287396E214599ED008A7826 /* Sources */,
				F287396F214599ED008A7826 /* Frameworks */,
				F2873970214599ED008A7826 /* Resources */,
			);
			buildRules = (
			);
			dependencies = (
			);
			name = ICD_Entry;
			productName = ICD_Entry;
			productReference = F2873972214599ED008A7826 /* ICD_Entry.app */;
			productType = "com.apple.product-type.application";
		};
		F2873988214599EE008A7826 /* ICD_EntryTests */ = {
			isa = PBXNativeTarget;
			buildConfigurationList = F28739A0214599EE008A7826 /* Build configuration list for PBXNativeTarget "ICD_EntryTests" */;
			buildPhases = (
				F2873985214599EE008A7826 /* Sources */,
				F2873986214599EE008A7826 /* Frameworks */,
				F2873987214599EE008A7826 /* Resources */,
			);
			buildRules = (
			);
			dependencies = (
				F287398B214599EE008A7826 /* PBXTargetDependency */,
			);
			name = ICD_EntryTests;
			productName = ICD_EntryTests;
			productReference = F2873989214599EE008A7826 /* ICD_EntryTests.xctest */;
			productType = "com.apple.product-type.bundle.unit-test";
		};
		F2873993214599EE008A7826 /* ICD_EntryUITests */ = {
			isa = PBXNativeTarget;
			buildConfigurationList = F28739A3214599EE008A7826 /* Build configuration list for PBXNativeTarget "ICD_EntryUITests" */;
			buildPhases = (
				F2873990214599EE008A7826 /* Sources */,
				F2873991214599EE008A7826 /* Frameworks */,
				F2873992214599EE008A7826 /* Resources */,
			);
			buildRules = (
			);
			dependencies = (
				F2873996214599EE008A7826 /* PBXTargetDependency */,
			);
			name = ICD_EntryUITests;
			productName = ICD_EntryUITests;
			productReference = F2873994214599EE008A7826 /* ICD_EntryUITests.xctest */;
			productType = "com.apple.product-type.bundle.ui-testing";
		};
/* End PBXNativeTarget section */

/* Begin PBXProject section */
		F287396A214599ED008A7826 /* Project object */ = {
			isa = PBXProject;
			attributes = {
				LastSwiftUpdateCheck = 0940;
				LastUpgradeCheck = 0940;
				ORGANIZATIONNAME = Revanish;
				TargetAttributes = {
					F2873971214599ED008A7826 = {
						CreatedOnToolsVersion = 9.4.1;
					};
					F2873988214599EE008A7826 = {
						CreatedOnToolsVersion = 9.4.1;
						TestTargetID = F2873971214599ED008A7826;
					};
					F2873993214599EE008A7826 = {
						CreatedOnToolsVersion = 9.4.1;
						TestTargetID = F2873971214599ED008A7826;
					};
				};
			};
			buildConfigurationList = F287396D214599ED008A7826 /* Build configuration list for PBXProject "ICD_Entry" */;
			compatibilityVersion = "Xcode 9.3";
			developmentRegion = en;
			hasScannedForEncodings = 0;
			knownRegions = (
				en,
				Base,
			);
			mainGroup = F2873969214599ED008A7826;
			productRefGroup = F2873973214599ED008A7826 /* Products */;
			projectDirPath = "";
			projectRoot = "";
			targets = (
				F2873971214599ED008A7826 /* ICD_Entry */,
				F2873988214599EE008A7826 /* ICD_EntryTests */,
				F2873993214599EE008A7826 /* ICD_EntryUITests */,
			);
		};
/* End PBXProject section */

/* Begin PBXResourcesBuildPhase section */
		F2873970214599ED008A7826 /* Resources */ = {
			isa = PBXResourcesBuildPhase;
			buildActionMask = 2147483647;
			files = (
				17E090E421574DFB00D04128 /* icd10_file.csv in Resources */,
				F2873983214599EE008A7826 /* LaunchScreen.storyboard in Resources */,
				F2873980214599EE008A7826 /* Assets.xcassets in Resources */,
				F287397B214599ED008A7826 /* Main.storyboard in Resources */,
			);
			runOnlyForDeploymentPostprocessing = 0;
		};
		F2873987214599EE008A7826 /* Resources */ = {
			isa = PBXResourcesBuildPhase;
			buildActionMask = 2147483647;
			files = (
			);
			runOnlyForDeploymentPostprocessing = 0;
		};
		F2873992214599EE008A7826 /* Resources */ = {
			isa = PBXResourcesBuildPhase;
			buildActionMask = 2147483647;
			files = (
			);
			runOnlyForDeploymentPostprocessing = 0;
		};
/* End PBXResourcesBuildPhase section */

/* Begin PBXSourcesBuildPhase section */
		F287396E214599ED008A7826 /* Sources */ = {
			isa = PBXSourcesBuildPhase;
			buildActionMask = 2147483647;
			files = (
				F287397E214599ED008A7826 /* ICD_Entry.xcdatamodeld in Sources */,
				F2873978214599ED008A7826 /* NewICDViewController.swift in Sources */,
				17A0BC932170EE7A00B270CD /* ICDServiceManager.swift in Sources */,
				17A2322B2173AB5D00A3213E /* OldICDViewController.swift in Sources */,
				F28739A72145E373008A7826 /* ChronicCell.swift in Sources */,
				17A0BC952170EEA400B270CD /* ICDMessage.swift in Sources */,
				F2A3621F21473A9D00F08E58 /* NetworkingData.swift in Sources */,
				F2A3622121475D9400F08E58 /* SpeechViewController.swift in Sources */,
				F2873976214599ED008A7826 /* AppDelegate.swift in Sources */,
			);
			runOnlyForDeploymentPostprocessing = 0;
		};
		F2873985214599EE008A7826 /* Sources */ = {
			isa = PBXSourcesBuildPhase;
			buildActionMask = 2147483647;
			files = (
				F287398E214599EE008A7826 /* ICD_EntryTests.swift in Sources */,
			);
			runOnlyForDeploymentPostprocessing = 0;
		};
		F2873990214599EE008A7826 /* Sources */ = {
			isa = PBXSourcesBuildPhase;
			buildActionMask = 2147483647;
			files = (
				F2873999214599EE008A7826 /* ICD_EntryUITests.swift in Sources */,
			);
			runOnlyForDeploymentPostprocessing = 0;
		};
/* End PBXSourcesBuildPhase section */

/* Begin PBXTargetDependency section */
		F287398B214599EE008A7826 /* PBXTargetDependency */ = {
			isa = PBXTargetDependency;
			target = F2873971214599ED008A7826 /* ICD_Entry */;
			targetProxy = F287398A214599EE008A7826 /* PBXContainerItemProxy */;
		};
		F2873996214599EE008A7826 /* PBXTargetDependency */ = {
			isa = PBXTargetDependency;
			target = F2873971214599ED008A7826 /* ICD_Entry */;
			targetProxy = F2873995214599EE008A7826 /* PBXContainerItemProxy */;
		};
/* End PBXTargetDependency section */

/* Begin PBXVariantGroup section */
		F2873979214599ED008A7826 /* Main.storyboard */ = {
			isa = PBXVariantGroup;
			children = (
				F287397A214599ED008A7826 /* Base */,
			);
			name = Main.storyboard;
			sourceTree = "<group>";
		};
		F2873981214599EE008A7826 /* LaunchScreen.storyboard */ = {
			isa = PBXVariantGroup;
			children = (
				F2873982214599EE008A7826 /* Base */,
			);
			name = LaunchScreen.storyboard;
			sourceTree = "<group>";
		};
/* End PBXVariantGroup section */

/* Begin XCBuildConfiguration section */
		F287399B214599EE008A7826 /* Debug */ = {
			isa = XCBuildConfiguration;
			buildSettings = {
				ALWAYS_SEARCH_USER_PATHS = NO;
				CLANG_ANALYZER_NONNULL = YES;
				CLANG_ANALYZER_NUMBER_OBJECT_CONVERSION = YES_AGGRESSIVE;
				CLANG_CXX_LANGUAGE_STANDARD = "gnu++14";
				CLANG_CXX_LIBRARY = "libc++";
				CLANG_ENABLE_MODULES = YES;
				CLANG_ENABLE_OBJC_ARC = YES;
				CLANG_ENABLE_OBJC_WEAK = YES;
				CLANG_WARN_BLOCK_CAPTURE_AUTORELEASING = YES;
				CLANG_WARN_BOOL_CONVERSION = YES;
				CLANG_WARN_COMMA = YES;
				CLANG_WARN_CONSTANT_CONVERSION = YES;
				CLANG_WARN_DEPRECATED_OBJC_IMPLEMENTATIONS = YES;
				CLANG_WARN_DIRECT_OBJC_ISA_USAGE = YES_ERROR;
				CLANG_WARN_DOCUMENTATION_COMMENTS = YES;
				CLANG_WARN_EMPTY_BODY = YES;
				CLANG_WARN_ENUM_CONVERSION = YES;
				CLANG_WARN_INFINITE_RECURSION = YES;
				CLANG_WARN_INT_CONVERSION = YES;
				CLANG_WARN_NON_LITERAL_NULL_CONVERSION = YES;
				CLANG_WARN_OBJC_IMPLICIT_RETAIN_SELF = YES;
				CLANG_WARN_OBJC_LITERAL_CONVERSION = YES;
				CLANG_WARN_OBJC_ROOT_CLASS = YES_ERROR;
				CLANG_WARN_RANGE_LOOP_ANALYSIS = YES;
				CLANG_WARN_STRICT_PROTOTYPES = YES;
				CLANG_WARN_SUSPICIOUS_MOVE = YES;
				CLANG_WARN_UNGUARDED_AVAILABILITY = YES_AGGRESSIVE;
				CLANG_WARN_UNREACHABLE_CODE = YES;
				CLANG_WARN__DUPLICATE_METHOD_MATCH = YES;
				CODE_SIGN_IDENTITY = "iPhone Developer";
				COPY_PHASE_STRIP = NO;
				DEBUG_INFORMATION_FORMAT = dwarf;
				ENABLE_STRICT_OBJC_MSGSEND = YES;
				ENABLE_TESTABILITY = YES;
				GCC_C_LANGUAGE_STANDARD = gnu11;
				GCC_DYNAMIC_NO_PIC = NO;
				GCC_NO_COMMON_BLOCKS = YES;
				GCC_OPTIMIZATION_LEVEL = 0;
				GCC_PREPROCESSOR_DEFINITIONS = (
					"DEBUG=1",
					"$(inherited)",
				);
				GCC_WARN_64_TO_32_BIT_CONVERSION = YES;
				GCC_WARN_ABOUT_RETURN_TYPE = YES_ERROR;
				GCC_WARN_UNDECLARED_SELECTOR = YES;
				GCC_WARN_UNINITIALIZED_AUTOS = YES_AGGRESSIVE;
				GCC_WARN_UNUSED_FUNCTION = YES;
				GCC_WARN_UNUSED_VARIABLE = YES;
				IPHONEOS_DEPLOYMENT_TARGET = 11.4;
				MTL_ENABLE_DEBUG_INFO = YES;
				ONLY_ACTIVE_ARCH = YES;
				SDKROOT = iphoneos;
				SWIFT_ACTIVE_COMPILATION_CONDITIONS = DEBUG;
				SWIFT_OPTIMIZATION_LEVEL = "-Onone";
			};
			name = Debug;
		};
		F287399C214599EE008A7826 /* Release */ = {
			isa = XCBuildConfiguration;
			buildSettings = {
				ALWAYS_SEARCH_USER_PATHS = NO;
				CLANG_ANALYZER_NONNULL = YES;
				CLANG_ANALYZER_NUMBER_OBJECT_CONVERSION = YES_AGGRESSIVE;
				CLANG_CXX_LANGUAGE_STANDARD = "gnu++14";
				CLANG_CXX_LIBRARY = "libc++";
				CLANG_ENABLE_MODULES = YES;
				CLANG_ENABLE_OBJC_ARC = YES;
				CLANG_ENABLE_OBJC_WEAK = YES;
				CLANG_WARN_BLOCK_CAPTURE_AUTORELEASING = YES;
				CLANG_WARN_BOOL_CONVERSION = YES;
				CLANG_WARN_COMMA = YES;
				CLANG_WARN_CONSTANT_CONVERSION = YES;
				CLANG_WARN_DEPRECATED_OBJC_IMPLEMENTATIONS = YES;
				CLANG_WARN_DIRECT_OBJC_ISA_USAGE = YES_ERROR;
				CLANG_WARN_DOCUMENTATION_COMMENTS = YES;
				CLANG_WARN_EMPTY_BODY = YES;
				CLANG_WARN_ENUM_CONVERSION = YES;
				CLANG_WARN_INFINITE_RECURSION = YES;
				CLANG_WARN_INT_CONVERSION = YES;
				CLANG_WARN_NON_LITERAL_NULL_CONVERSION = YES;
				CLANG_WARN_OBJC_IMPLICIT_RETAIN_SELF = YES;
				CLANG_WARN_OBJC_LITERAL_CONVERSION = YES;
				CLANG_WARN_OBJC_ROOT_CLASS = YES_ERROR;
				CLANG_WARN_RANGE_LOOP_ANALYSIS = YES;
				CLANG_WARN_STRICT_PROTOTYPES = YES;
				CLANG_WARN_SUSPICIOUS_MOVE = YES;
				CLANG_WARN_UNGUARDED_AVAILABILITY = YES_AGGRESSIVE;
				CLANG_WARN_UNREACHABLE_CODE = YES;
				CLANG_WARN__DUPLICATE_METHOD_MATCH = YES;
				CODE_SIGN_IDENTITY = "iPhone Developer";
				COPY_PHASE_STRIP = NO;
				DEBUG_INFORMATION_FORMAT = "dwarf-with-dsym";
				ENABLE_NS_ASSERTIONS = NO;
				ENABLE_STRICT_OBJC_MSGSEND = YES;
				GCC_C_LANGUAGE_STANDARD = gnu11;
				GCC_NO_COMMON_BLOCKS = YES;
				GCC_WARN_64_TO_32_BIT_CONVERSION = YES;
				GCC_WARN_ABOUT_RETURN_TYPE = YES_ERROR;
				GCC_WARN_UNDECLARED_SELECTOR = YES;
				GCC_WARN_UNINITIALIZED_AUTOS = YES_AGGRESSIVE;
				GCC_WARN_UNUSED_FUNCTION = YES;
				GCC_WARN_UNUSED_VARIABLE = YES;
				IPHONEOS_DEPLOYMENT_TARGET = 11.4;
				MTL_ENABLE_DEBUG_INFO = NO;
				SDKROOT = iphoneos;
				SWIFT_COMPILATION_MODE = wholemodule;
				SWIFT_OPTIMIZATION_LEVEL = "-O";
				VALIDATE_PRODUCT = YES;
			};
			name = Release;
		};
		F287399E214599EE008A7826 /* Debug */ = {
			isa = XCBuildConfiguration;
			buildSettings = {
				ASSETCATALOG_COMPILER_APPICON_NAME = AppIcon;
				CODE_SIGN_STYLE = Automatic;
				DEVELOPMENT_TEAM = K2R6W9P99E;
				INFOPLIST_FILE = ICD_Entry/Info.plist;
				LD_RUNPATH_SEARCH_PATHS = (
					"$(inherited)",
					"@executable_path/Frameworks",
				);
				PRODUCT_BUNDLE_IDENTIFIER = "Revanish.ICD-Entry";
				PRODUCT_NAME = "$(TARGET_NAME)";
				SWIFT_VERSION = 4.0;
				TARGETED_DEVICE_FAMILY = "1,2";
			};
			name = Debug;
		};
		F287399F214599EE008A7826 /* Release */ = {
			isa = XCBuildConfiguration;
			buildSettings = {
				ASSETCATALOG_COMPILER_APPICON_NAME = AppIcon;
				CODE_SIGN_STYLE = Automatic;
				DEVELOPMENT_TEAM = K2R6W9P99E;
				INFOPLIST_FILE = ICD_Entry/Info.plist;
				LD_RUNPATH_SEARCH_PATHS = (
					"$(inherited)",
					"@executable_path/Frameworks",
				);
				PRODUCT_BUNDLE_IDENTIFIER = "Revanish.ICD-Entry";
				PRODUCT_NAME = "$(TARGET_NAME)";
				SWIFT_VERSION = 4.0;
				TARGETED_DEVICE_FAMILY = "1,2";
			};
			name = Release;
		};
		F28739A1214599EE008A7826 /* Debug */ = {
			isa = XCBuildConfiguration;
			buildSettings = {
				ALWAYS_EMBED_SWIFT_STANDARD_LIBRARIES = YES;
				BUNDLE_LOADER = "$(TEST_HOST)";
				CODE_SIGN_STYLE = Automatic;
				DEVELOPMENT_TEAM = K2R6W9P99E;
				INFOPLIST_FILE = ICD_EntryTests/Info.plist;
				LD_RUNPATH_SEARCH_PATHS = (
					"$(inherited)",
					"@executable_path/Frameworks",
					"@loader_path/Frameworks",
				);
				PRODUCT_BUNDLE_IDENTIFIER = "Revanish.ICD-EntryTests";
				PRODUCT_NAME = "$(TARGET_NAME)";
				SWIFT_VERSION = 4.0;
				TARGETED_DEVICE_FAMILY = "1,2";
				TEST_HOST = "$(BUILT_PRODUCTS_DIR)/ICD_Entry.app/ICD_Entry";
			};
			name = Debug;
		};
		F28739A2214599EE008A7826 /* Release */ = {
			isa = XCBuildConfiguration;
			buildSettings = {
				ALWAYS_EMBED_SWIFT_STANDARD_LIBRARIES = YES;
				BUNDLE_LOADER = "$(TEST_HOST)";
				CODE_SIGN_STYLE = Automatic;
				DEVELOPMENT_TEAM = K2R6W9P99E;
				INFOPLIST_FILE = ICD_EntryTests/Info.plist;
				LD_RUNPATH_SEARCH_PATHS = (
					"$(inherited)",
					"@executable_path/Frameworks",
					"@loader_path/Frameworks",
				);
				PRODUCT_BUNDLE_IDENTIFIER = "Revanish.ICD-EntryTests";
				PRODUCT_NAME = "$(TARGET_NAME)";
				SWIFT_VERSION = 4.0;
				TARGETED_DEVICE_FAMILY = "1,2";
				TEST_HOST = "$(BUILT_PRODUCTS_DIR)/ICD_Entry.app/ICD_Entry";
			};
			name = Release;
		};
		F28739A4214599EE008A7826 /* Debug */ = {
			isa = XCBuildConfiguration;
			buildSettings = {
				ALWAYS_EMBED_SWIFT_STANDARD_LIBRARIES = YES;
				CODE_SIGN_STYLE = Automatic;
				DEVELOPMENT_TEAM = K2R6W9P99E;
				INFOPLIST_FILE = ICD_EntryUITests/Info.plist;
				LD_RUNPATH_SEARCH_PATHS = (
					"$(inherited)",
					"@executable_path/Frameworks",
					"@loader_path/Frameworks",
				);
				PRODUCT_BUNDLE_IDENTIFIER = "Revanish.ICD-EntryUITests";
				PRODUCT_NAME = "$(TARGET_NAME)";
				SWIFT_VERSION = 4.0;
				TARGETED_DEVICE_FAMILY = "1,2";
				TEST_TARGET_NAME = ICD_Entry;
			};
			name = Debug;
		};
		F28739A5214599EE008A7826 /* Release */ = {
			isa = XCBuildConfiguration;
			buildSettings = {
				ALWAYS_EMBED_SWIFT_STANDARD_LIBRARIES = YES;
				CODE_SIGN_STYLE = Automatic;
				DEVELOPMENT_TEAM = K2R6W9P99E;
				INFOPLIST_FILE = ICD_EntryUITests/Info.plist;
				LD_RUNPATH_SEARCH_PATHS = (
					"$(inherited)",
					"@executable_path/Frameworks",
					"@loader_path/Frameworks",
				);
				PRODUCT_BUNDLE_IDENTIFIER = "Revanish.ICD-EntryUITests";
				PRODUCT_NAME = "$(TARGET_NAME)";
				SWIFT_VERSION = 4.0;
				TARGETED_DEVICE_FAMILY = "1,2";
				TEST_TARGET_NAME = ICD_Entry;
			};
			name = Release;
		};
/* End XCBuildConfiguration section */

/* Begin XCConfigurationList section */
		F287396D214599ED008A7826 /* Build configuration list for PBXProject "ICD_Entry" */ = {
			isa = XCConfigurationList;
			buildConfigurations = (
				F287399B214599EE008A7826 /* Debug */,
				F287399C214599EE008A7826 /* Release */,
			);
			defaultConfigurationIsVisible = 0;
			defaultConfigurationName = Release;
		};
		F287399D214599EE008A7826 /* Build configuration list for PBXNativeTarget "ICD_Entry" */ = {
			isa = XCConfigurationList;
			buildConfigurations = (
				F287399E214599EE008A7826 /* Debug */,
				F287399F214599EE008A7826 /* Release */,
			);
			defaultConfigurationIsVisible = 0;
			defaultConfigurationName = Release;
		};
		F28739A0214599EE008A7826 /* Build configuration list for PBXNativeTarget "ICD_EntryTests" */ = {
			isa = XCConfigurationList;
			buildConfigurations = (
				F28739A1214599EE008A7826 /* Debug */,
				F28739A2214599EE008A7826 /* Release */,
			);
			defaultConfigurationIsVisible = 0;
			defaultConfigurationName = Release;
		};
		F28739A3214599EE008A7826 /* Build configuration list for PBXNativeTarget "ICD_EntryUITests" */ = {
			isa = XCConfigurationList;
			buildConfigurations = (
				F28739A4214599EE008A7826 /* Debug */,
				F28739A5214599EE008A7826 /* Release */,
			);
			defaultConfigurationIsVisible = 0;
			defaultConfigurationName = Release;
		};
/* End XCConfigurationList section */

/* Begin XCVersionGroup section */
		F287397C214599ED008A7826 /* ICD_Entry.xcdatamodeld */ = {
			isa = XCVersionGroup;
			children = (
				F287397D214599ED008A7826 /* ICD_Entry.xcdatamodel */,
			);
			currentVersion = F287397D214599ED008A7826 /* ICD_Entry.xcdatamodel */;
			path = ICD_Entry.xcdatamodeld;
			sourceTree = "<group>";
			versionGroupType = wrapper.xcdatamodel;
		};
/* End XCVersionGroup section */
	};
	rootObject = F287396A214599ED008A7826 /* Project object */;
}
